
Microsoft Visual Studio Solution File, Format Version 12.00
Project("{FAE04EC0-301F-11D3-BF4B-00C04F79EFBC}") = "ProjectX.Server.Host", "ProjectX.Server.Host\ProjectX.Server.Host.csproj", "{7741016D-6F2B-4995-9EEC-B621301A1D12}"
EndProject
Project("{FAE04EC0-301F-11D3-BF4B-00C04F79EFBC}") = "ProjectX.Server.Database", "ProjectX.Server.Database\ProjectX.Server.Database.csproj", "{933882CE-6EEA-406D-ABEC-79EC2C18C401}"
EndProject
Project("{FAE04EC0-301F-11D3-BF4B-00C04F79EFBC}") = "ProjectX.Server.Client", "ProjectX.Server.Client\ProjectX.Server.Client.csproj", "{120C3E07-3535-47CD-ACC1-0086BF16E461}"
EndProject
Project("{FAE04EC0-301F-11D3-BF4B-00C04F79EFBC}") = "ProjectX.Server.Client.Codec", "ProjectX.Server.Client.Codec\ProjectX.Server.Client.Codec.csproj", "{B8A938E6-53FE-412B-9745-AE0B0E5B68AB}"
EndProject
Project("{FAE04EC0-301F-11D3-BF4B-00C04F79EFBC}") = "ProjectX.Server.UseCase", "ProjectX.Server.UseCase\ProjectX.Server.UseCase.csproj", "{BFDC3894-8486-47D5-87F8-AEB40A8291D0}"
EndProject
Project("{FAE04EC0-301F-11D3-BF4B-00C04F79EFBC}") = "ProjectX.Server.Firebase", "ProjectX.Server.Firebase\ProjectX.Server.Firebase.csproj", "{3C263E68-F36F-4173-A87F-C742135A588E}"
EndProject
Global
	GlobalSection(SolutionConfigurationPlatforms) = preSolution
		Debug|Any CPU = Debug|Any CPU
		Release|Any CPU = Release|Any CPU
	EndGlobalSection
	GlobalSection(ProjectConfigurationPlatforms) = postSolution
		{7741016D-6F2B-4995-9EEC-B621301A1D12}.Debug|Any CPU.ActiveCfg = Debug|Any CPU
		{7741016D-6F2B-4995-9EEC-B621301A1D12}.Debug|Any CPU.Build.0 = Debug|Any CPU
		{7741016D-6F2B-4995-9EEC-B621301A1D12}.Release|Any CPU.ActiveCfg = Release|Any CPU
		{7741016D-6F2B-4995-9EEC-B621301A1D12}.Release|Any CPU.Build.0 = Release|Any CPU
		{933882CE-6EEA-406D-ABEC-79EC2C18C401}.Debug|Any CPU.ActiveCfg = Debug|Any CPU
		{933882CE-6EEA-406D-ABEC-79EC2C18C401}.Debug|Any CPU.Build.0 = Debug|Any CPU
		{933882CE-6EEA-406D-ABEC-79EC2C18C401}.Release|Any CPU.ActiveCfg = Release|Any CPU
		{933882CE-6EEA-406D-ABEC-79EC2C18C401}.Release|Any CPU.Build.0 = Release|Any CPU
		{120C3E07-3535-47CD-ACC1-0086BF16E461}.Debug|Any CPU.ActiveCfg = Debug|Any CPU
		{120C3E07-3535-47CD-ACC1-0086BF16E461}.Debug|Any CPU.Build.0 = Debug|Any CPU
		{120C3E07-3535-47CD-ACC1-0086BF16E461}.Release|Any CPU.ActiveCfg = Release|Any CPU
		{120C3E07-3535-47CD-ACC1-0086BF16E461}.Release|Any CPU.Build.0 = Release|Any CPU
		{B8A938E6-53FE-412B-9745-AE0B0E5B68AB}.Debug|Any CPU.ActiveCfg = Debug|Any CPU
		{B8A938E6-53FE-412B-9745-AE0B0E5B68AB}.Debug|Any CPU.Build.0 = Debug|Any CPU
		{B8A938E6-53FE-412B-9745-AE0B0E5B68AB}.Release|Any CPU.ActiveCfg = Release|Any CPU
		{B8A938E6-53FE-412B-9745-AE0B0E5B68AB}.Release|Any CPU.Build.0 = Release|Any CPU
		{BFDC3894-8486-47D5-87F8-AEB40A8291D0}.Debug|Any CPU.ActiveCfg = Debug|Any CPU
		{BFDC3894-8486-47D5-87F8-AEB40A8291D0}.Debug|Any CPU.Build.0 = Debug|Any CPU
		{BFDC3894-8486-47D5-87F8-AEB40A8291D0}.Release|Any CPU.ActiveCfg = Release|Any CPU
		{BFDC3894-8486-47D5-87F8-AEB40A8291D0}.Release|Any CPU.Build.0 = Release|Any CPU
		{3C263E68-F36F-4173-A87F-C742135A588E}.Debug|Any CPU.ActiveCfg = Debug|Any CPU
		{3C263E68-F36F-4173-A87F-C742135A588E}.Debug|Any CPU.Build.0 = Debug|Any CPU
		{3C263E68-F36F-4173-A87F-C742135A588E}.Release|Any CPU.ActiveCfg = Release|Any CPU
		{3C263E68-F36F-4173-A87F-C742135A588E}.Release|Any CPU.Build.0 = Release|Any CPU
	EndGlobalSection
EndGlobal
